{
  "requires": true,
  "lockfileVersion": 1,
  "dependencies": {
    "@types/jquery": {
      "version": "3.2.15",
      "resolved": "https://registry.npmjs.org/@types/jquery/-/jquery-3.2.15.tgz",
      "integrity": "sha512-SmiwGv/ISoltkDMngZ8sb9ijj6mYx3084XkHul/U4r03N2C14j6F+Lx+RfZ/f5zGOVOKEUIrRLVCNFKEaVDABQ=="
    },
    "@types/spin.js": {
      "version": "2.3.1",
      "resolved": "https://registry.npmjs.org/@types/spin.js/-/spin.js-2.3.1.tgz",
      "integrity": "sha512-21+iAdSDg2uDsgupieNJXBzrNXF+NN8i4a1KUpOqaxDkgMdKOj/jwzQK2uI50jeiS6KfuHuLQZMsyNtcxXcHhw=="
    }
  }
}
